
Microsoft Visual Studio Solution File, Format Version 12.00
# Visual Studio Version 17
VisualStudioVersion = 17.5.002.0
MinimumVisualStudioVersion = 10.0.40219.1
Project("{9A19103F-16F7-4668-BE54-9A1E7A4F7556}") = "backend", "backend\backend.csproj", "{71042E53-CA86-4291-94CE-E53E98BFF054}"
EndProject
Project("{9A19103F-16F7-4668-BE54-9A1E7A4F7556}") = "frontend", "frontend\frontend.csproj", "{99D3FD22-3355-40A2-9F41-63ADD911CF87}"
EndProject
Global
	GlobalSection(SolutionConfigurationPlatforms) = preSolution
		Debug|Any CPU = Debug|Any CPU
		Release|Any CPU = Release|Any CPU
	EndGlobalSection
	GlobalSection(ProjectConfigurationPlatforms) = postSolution
		{71042E53-CA86-4291-94CE-E53E98BFF054}.Debug|Any CPU.ActiveCfg = Debug|Any CPU
		{71042E53-CA86-4291-94CE-E53E98BFF054}.Debug|Any CPU.Build.0 = Debug|Any CPU
		{71042E53-CA86-4291-94CE-E53E98BFF054}.Release|Any CPU.ActiveCfg = Release|Any CPU
		{71042E53-CA86-4291-94CE-E53E98BFF054}.Release|Any CPU.Build.0 = Release|Any CPU
		{99D3FD22-3355-40A2-9F41-63ADD911CF87}.Debug|Any CPU.ActiveCfg = Debug|Any CPU
		{99D3FD22-3355-40A2-9F41-63ADD911CF87}.Debug|Any CPU.Build.0 = Debug|Any CPU
		{99D3FD22-3355-40A2-9F41-63ADD911CF87}.Release|Any CPU.ActiveCfg = Release|Any CPU
		{99D3FD22-3355-40A2-9F41-63ADD911CF87}.Release|Any CPU.Build.0 = Release|Any CPU
	EndGlobalSection
	GlobalSection(SolutionProperties) = preSolution
		HideSolutionNode = FALSE
	EndGlobalSection
	GlobalSection(ExtensibilityGlobals) = postSolution
		SolutionGuid = {DA6432BA-9006-4561-90D6-AC93006CDB57}
	EndGlobalSection
EndGlobal
